{
  "originHash" : "5d2a3075964aa1f571011864c38ba6eb4ff5ca7b29580c74b69a6e0feb59fd1d",
  "pins" : [
    {
      "identity" : "swift-jsonapi",
      "kind" : "remoteSourceControl",
      "location" : "https://github.com/DataDog/swift-jsonapi.git",
      "state" : {
        "revision" : "eee3b4f0543a7dd4cb2afd22c8112d70205da965",
        "version" : "0.1.1"
      }
    },
    {
      "identity" : "swift-syntax",
      "kind" : "remoteSourceControl",
      "location" : "https://github.com/swiftlang/swift-syntax",
      "state" : {
        "revision" : "2bc86522d115234d1f588efe2bcb4ce4be8f8b82",
        "version" : "510.0.3"
      }
    }
  ],
  "version" : 3
}
